
Microsoft Visual Studio Solution File, Format Version 12.00
# Visual Studio Version 17
VisualStudioVersion = 17.5.002.0
MinimumVisualStudioVersion = 10.0.40219.1
Project("{9A19103F-16F7-4668-BE54-9A1E7A4F7556}") = "WebServer", "WebServer/WebServer.csproj", "{2C4E642A-38EF-4FC4-9054-855E4DD31940}"
EndProject
Global
	GlobalSection(SolutionConfigurationPlatforms) = preSolution
		Debug|Any CPU = Debug|Any CPU
		Release|Any CPU = Release|Any CPU
	EndGlobalSection
	GlobalSection(ProjectConfigurationPlatforms) = postSolution
		{2C4E642A-38EF-4FC4-9054-855E4DD31940}.Debug|Any CPU.ActiveCfg = Debug|Any CPU
		{2C4E642A-38EF-4FC4-9054-855E4DD31940}.Debug|Any CPU.Build.0 = Debug|Any CPU
		{2C4E642A-38EF-4FC4-9054-855E4DD31940}.Release|Any CPU.ActiveCfg = Release|Any CPU
		{2C4E642A-38EF-4FC4-9054-855E4DD31940}.Release|Any CPU.Build.0 = Release|Any CPU
	EndGlobalSection
	GlobalSection(SolutionProperties) = preSolution
		HideSolutionNode = FALSE
	EndGlobalSection
	GlobalSection(ExtensibilityGlobals) = postSolution
		SolutionGuid = {8F03A444-9A3F-42E4-BB5F-A975E7363F6E}
	EndGlobalSection
EndGlobal
